[tools.actionlint]
version = "1.7.7"
backend = "aqua:rhysd/actionlint"

[tools.actionlint.checksums]
"actionlint_1.7.7_linux_amd64.tar.gz" = "sha256:023070a287cd8cccd71515fedc843f1985bf96c436b7effaecce67290e7e0757"

[tools.gh]
version = "2.75.0"
backend = "aqua:cli/cli"

[tools.gh.checksums]
"gh_2.75.0_linux_amd64.tar.gz" = "sha256:98f910f4cde42a345e241f867f42b2229dda60267d7f87a56d283842519a4cb7"

[tools.git-cliff]
version = "2.9.1"
backend = "aqua:orhun/git-cliff"

[tools.git-cliff.checksums]
"git-cliff-2.9.1-x86_64-unknown-linux-musl.tar.gz" = "sha512:edbe32578c2160cdf8e93b7b00eefc11bcbe5cf17ac6fc77e7b2d29a3532bdb7a33825d8c364a1237956c4311b8bab2b9c8c44cdda700e276b7cde32bb791771"

[tools.go]
version = "1.24.5"
backend = "core:go"

[tools.go.checksums]
"go1.24.5.linux-amd64.tar.gz" = "sha256:10ad9e86233e74c0f6590fe5426895de6bf388964210eac34a6d83f38918ecdc"

[tools.golangci-lint]
version = "2.2.2"
backend = "aqua:golangci/golangci-lint"

[tools.golangci-lint.checksums]
"golangci-lint-2.2.2-linux-amd64.tar.gz" = "sha256:c27fbde948a87d326feacd21df2f61a9c54dbd2e3bfa185c0a1cd6917a6f964f"

[tools.hadolint]
version = "2.12.0"
backend = "aqua:hadolint/hadolint"

[tools.hadolint.checksums]
hadolint-Linux-x86_64 = "sha256:56de6d5e5ec427e17b74fa48d51271c7fc0d61244bf5c90e828aab8362d55010"

[tools."ubi:gotestyourself/gotestsum"]
version = "1.12.3"
backend = "ubi:gotestyourself/gotestsum"

[tools."ubi:gotestyourself/gotestsum".checksums]
gotestsum-linux-x86_64 = "sha256:2e505a9368568aa7422e0a90ef77acc8807c0d3272ab81c7a69e3e8688d1cf65"
