[tools.actionlint]
version = "1.7.7"
backend = "aqua:rhysd/actionlint"

[tools.gh]
version = "2.76.2"
backend = "aqua:cli/cli"

[tools.gh.platforms.linux-x64]
checksum = "sha256:62544b0f3759bbf1155c0ac3d75838b5fe23d66dfb75cf8368f84fff8f82b93e"
size = 17878637
url = "https://github.com/cli/cli/releases/download/v2.76.2/gh_2.76.2_linux_amd64.tar.gz"

[tools.git-cliff]
version = "2.10.0"
backend = "aqua:orhun/git-cliff"

[tools.git-cliff.platforms.linux-x64]
checksum = "sha512:1fa2b3409add2e8f576d5a9520ae4e513edf1b8dafb477f65fa65f0a51d2efeb476cb1c86b58f277d5705a9cfc0392dee93f80a253806675379a785410f04038"
size = 7239814
url = "https://github.com/orhun/git-cliff/releases/download/v2.10.0/git-cliff-2.10.0-x86_64-unknown-linux-musl.tar.gz"

[tools.go]
version = "1.25.0"
backend = "core:go"

[tools.go.platforms.linux-x64]
checksum = "sha256:2852af0cb20a13139b3448992e69b868e50ed0f8a1e5940ee1de9e19a123b613"
size = 59659213
url = "https://dl.google.com/go/go1.25.0.linux-amd64.tar.gz"

[tools."go:github.com/daixiang0/gci"]
version = "0.13.7"
backend = "go:github.com/daixiang0/gci"

[tools."go:golang.org/x/tools/cmd/goimports"]
version = "0.36.0"
backend = "go:golang.org/x/tools/cmd/goimports"

[tools.gofumpt]
version = "0.8.0"
backend = "aqua:mvdan/gofumpt"

[tools.golangci-lint]
version = "2.4.0"
backend = "aqua:golangci/golangci-lint"

[tools.golangci-lint.platforms.linux-x64]
checksum = "sha256:fae792524c04424c0ac369f5b8076f04b45cf29fc945a370e55d369a8dc11840"
size = 14126779
url = "https://github.com/golangci/golangci-lint/releases/download/v2.4.0/golangci-lint-2.4.0-linux-amd64.tar.gz"

[tools.gotestsum]
version = "1.12.3"
backend = "aqua:gotestyourself/gotestsum"

[tools.hadolint]
version = "2.12.0"
backend = "aqua:hadolint/hadolint"
